
Microsoft Visual Studio Solution File, Format Version 12.00
# Visual Studio Version 17
VisualStudioVersion = 17.14.36203.30 d17.14
MinimumVisualStudioVersion = 10.0.40219.1
Project("{FAE04EC0-301F-11D3-BF4B-00C04F79EFBC}") = "Grupo06_TP_Programacion1", "Grupo06_TP_Programacion1.csproj", "{5B18E2E1-44F4-45D4-B379-20118BA3D5E4}"
EndProject
Global
	GlobalSection(SolutionConfigurationPlatforms) = preSolution
		Debug|Any CPU = Debug|Any CPU
		Release|Any CPU = Release|Any CPU
	EndGlobalSection
	GlobalSection(ProjectConfigurationPlatforms) = postSolution
		{5B18E2E1-44F4-45D4-B379-20118BA3D5E4}.Debug|Any CPU.ActiveCfg = Debug|Any CPU
		{5B18E2E1-44F4-45D4-B379-20118BA3D5E4}.Debug|Any CPU.Build.0 = Debug|Any CPU
		{5B18E2E1-44F4-45D4-B379-20118BA3D5E4}.Release|Any CPU.ActiveCfg = Release|Any CPU
		{5B18E2E1-44F4-45D4-B379-20118BA3D5E4}.Release|Any CPU.Build.0 = Release|Any CPU
	EndGlobalSection
	GlobalSection(SolutionProperties) = preSolution
		HideSolutionNode = FALSE
	EndGlobalSection
	GlobalSection(ExtensibilityGlobals) = postSolution
		SolutionGuid = {5ABB62AB-A163-4E06-B361-B341602529D4}
	EndGlobalSection
EndGlobal
